
Microsoft Visual Studio Solution File, Format Version 12.00
# Visual Studio Version 17
VisualStudioVersion = 17.7.34221.43
MinimumVisualStudioVersion = 10.0.40219.1
Project("{FAE04EC0-301F-11D3-BF4B-00C04F79EFBC}") = "Exercise", "Exercise\Exercise.csproj", "{AB5B221C-92E8-431F-967B-40490CBDC43A}"
EndProject
Global
	GlobalSection(SolutionConfigurationPlatforms) = preSolution
		Debug|Any CPU = Debug|Any CPU
		Release|Any CPU = Release|Any CPU
	EndGlobalSection
	GlobalSection(ProjectConfigurationPlatforms) = postSolution
		{AB5B221C-92E8-431F-967B-40490CBDC43A}.Debug|Any CPU.ActiveCfg = Debug|Any CPU
		{AB5B221C-92E8-431F-967B-40490CBDC43A}.Debug|Any CPU.Build.0 = Debug|Any CPU
		{AB5B221C-92E8-431F-967B-40490CBDC43A}.Release|Any CPU.ActiveCfg = Release|Any CPU
		{AB5B221C-92E8-431F-967B-40490CBDC43A}.Release|Any CPU.Build.0 = Release|Any CPU
	EndGlobalSection
	GlobalSection(SolutionProperties) = preSolution
		HideSolutionNode = FALSE
	EndGlobalSection
	GlobalSection(ExtensibilityGlobals) = postSolution
		SolutionGuid = {57314167-B1D6-48BA-9127-F2847CB66345}
	EndGlobalSection
EndGlobal
