
Microsoft Visual Studio Solution File, Format Version 12.00
# Visual Studio Version 17
VisualStudioVersion = 17.7.34221.43
MinimumVisualStudioVersion = 10.0.40219.1
Project("{FAE04EC0-301F-11D3-BF4B-00C04F79EFBC}") = "App03", "App03\App03.csproj", "{88D0D9F6-3409-4F55-BF79-4F005DB88FF3}"
EndProject
Global
	GlobalSection(SolutionConfigurationPlatforms) = preSolution
		Debug|Any CPU = Debug|Any CPU
		Release|Any CPU = Release|Any CPU
	EndGlobalSection
	GlobalSection(ProjectConfigurationPlatforms) = postSolution
		{88D0D9F6-3409-4F55-BF79-4F005DB88FF3}.Debug|Any CPU.ActiveCfg = Debug|Any CPU
		{88D0D9F6-3409-4F55-BF79-4F005DB88FF3}.Debug|Any CPU.Build.0 = Debug|Any CPU
		{88D0D9F6-3409-4F55-BF79-4F005DB88FF3}.Release|Any CPU.ActiveCfg = Release|Any CPU
		{88D0D9F6-3409-4F55-BF79-4F005DB88FF3}.Release|Any CPU.Build.0 = Release|Any CPU
	EndGlobalSection
	GlobalSection(SolutionProperties) = preSolution
		HideSolutionNode = FALSE
	EndGlobalSection
	GlobalSection(ExtensibilityGlobals) = postSolution
		SolutionGuid = {8183F8D1-2C8A-4C75-BA52-C550B44ED810}
	EndGlobalSection
EndGlobal
